{
  "name": "chromium-airplay",
  "version": "1.0.0",
  "lockfileVersion": 3,
  "requires": true,
  "packages": {
    "": {
      "name": "chromium-airplay",
      "version": "1.0.0",
      "license": "ISC",
      "dependencies": {
        "airplay": "^0.0.3",
        "airplay-js": "^0.3.0",
        "mdns": "^2.7.2"
      }
    },
    "node_modules/airplay": {
      "version": "0.0.3",
      "resolved": "https://registry.npmjs.org/airplay/-/airplay-0.0.3.tgz",
      "integrity": "sha512-SvB5lTx+HmzDaGF3MN1paJtIVEEM1uMy1pVIF+obwOwes7DdZpLDxu9+b++lpIqecQ5+geD5ZccsLtIPB1iUZw==",
      "dependencies": {
        "mdns": ">=0.0.7",
        "plist": ">=0.2.1"
      },
      "engines": {
        "node": ">= 0.5.x"
      }
    },
    "node_modules/airplay-js": {
      "version": "0.3.0",
      "resolved": "https://registry.npmjs.org/airplay-js/-/airplay-js-0.3.0.tgz",
      "integrity": "sha512-V7nbJXSP352Hp5dWNUo3UZ9WY6CupKmXmP5XDBjuAKLKA/CNs9tvVGvVxIL/9l+oJjZc5h0m4JUUKs7eHO8Meg==",
      "dependencies": {
        "mdns-js": "0.5.0",
        "plist-with-patches": "0.5.1"
      }
    },
    "node_modules/base64-js": {
      "version": "1.5.1",
      "resolved": "https://registry.npmjs.org/base64-js/-/base64-js-1.5.1.tgz",
      "integrity": "sha512-AKpaYlHn8t4SVbOHCy+b5+KKgvR4vrsD8vbvrbiQJps7fKDTkjkDry6ji0rUJjC0kzbNePLwzxq8iypo41qeWA==",
      "funding": [
        {
          "type": "github",
          "url": "https://github.com/sponsors/feross"
        },
        {
          "type": "patreon",
          "url": "https://www.patreon.com/feross"
        },
        {
          "type": "consulting",
          "url": "https://feross.org/support"
        }
      ]
    },
    "node_modules/bindings": {
      "version": "1.2.1",
      "resolved": "https://registry.npmjs.org/bindings/-/bindings-1.2.1.tgz",
      "integrity": "sha512-u4cBQNepWxYA55FunZSM7wMi55yQaN0otnhhilNoWHq0MfOfJeQx0v0mRRpolGOExPjZcl6FtB0BB8Xkb88F0g=="
    },
    "node_modules/debug": {
      "version": "2.6.9",
      "resolved": "https://registry.npmjs.org/debug/-/debug-2.6.9.tgz",
      "integrity": "sha512-bC7ElrdJaJnPbAP+1EotYvqZsb3ecl5wi6Bfi6BJTUcNowp6cvspg0jXznRTKDjm/E7AdgFBVeAPVMNcKGsHMA==",
      "dependencies": {
        "ms": "2.0.0"
      }
    },
    "node_modules/mdns": {
      "version": "2.7.2",
      "resolved": "https://registry.npmjs.org/mdns/-/mdns-2.7.2.tgz",
      "integrity": "sha512-NBOQT22DKvuNWVY7nKNbs6w9eGRyPwnc4ZjKOsCG2G/4wNt1+IyiHvc+5yhcAUZLG46cOY321YW7Ufz3lMtrhw==",
      "hasInstallScript": true,
      "dependencies": {
        "bindings": "~1.2.1",
        "nan": "^2.14.0"
      }
    },
    "node_modules/mdns-js": {
      "version": "0.5.0",
      "resolved": "https://registry.npmjs.org/mdns-js/-/mdns-js-0.5.0.tgz",
      "integrity": "sha512-9I7T9NDWYrnAbaV2OsEzR+RVa/WpQjRZKhpm95Fnd5T7HdTKzmGVSEI4pqdbvkfHiB2CB4eagr5dcCY8idZLag==",
      "dependencies": {
        "debug": "^2.1.1",
        "mdns-js-packet": "~0.2.0",
        "semver": "~5.1.0"
      },
      "engines": {
        "node": ">= 4.1.0"
      }
    },
    "node_modules/mdns-js-packet": {
      "version": "0.2.0",
      "resolved": "https://registry.npmjs.org/mdns-js-packet/-/mdns-js-packet-0.2.0.tgz",
      "integrity": "sha512-+0FV+YXgmt4cxAHY1HtmZFVzVbhWAIuABtxhHuZ9uQGIg3opmK2kg5V62DGntWyfgqA9ZywaTPi4w8ummYDdHA==",
      "dependencies": {
        "debug": "^2.1.0",
        "qap": "^3.1.2"
      },
      "engines": {
        "node": ">= 4.1.0"
      }
    },
    "node_modules/ms": {
      "version": "2.0.0",
      "resolved": "https://registry.npmjs.org/ms/-/ms-2.0.0.tgz",
      "integrity": "sha512-Tpp60P6IUJDTuOq/5Z8cdskzJujfwqfOTkrwIwj7IRISpnkJnT6SyJ4PCPnGMoFjC9ddhal5KVIYtAt97ix05A=="
    },
    "node_modules/nan": {
      "version": "2.17.0",
      "resolved": "https://registry.npmjs.org/nan/-/nan-2.17.0.tgz",
      "integrity": "sha512-2ZTgtl0nJsO0KQCjEpxcIr5D+Yv90plTitZt9JBfQvVJDS5seMl3FOvsh3+9CoYWXf/1l5OaZzzF6nDm4cagaQ=="
    },
    "node_modules/plist": {
      "version": "3.0.6",
      "resolved": "https://registry.npmjs.org/plist/-/plist-3.0.6.tgz",
      "integrity": "sha512-WiIVYyrp8TD4w8yCvyeIr+lkmrGRd5u0VbRnU+tP/aRLxP/YadJUYOMZJ/6hIa3oUyVCsycXvtNRgd5XBJIbiA==",
      "dependencies": {
        "base64-js": "^1.5.1",
        "xmlbuilder": "^15.1.1"
      },
      "engines": {
        "node": ">=6"
      }
    },
    "node_modules/plist-with-patches": {
      "version": "0.5.1",
      "resolved": "https://registry.npmjs.org/plist-with-patches/-/plist-with-patches-0.5.1.tgz",
      "integrity": "sha512-U8qxmOfUlyoaKvw80p8INHB0vDIvXlSlW6uTVMszl0HogXxtdBhrAkt6e/h7QoPHjeszi2WKDDI8MkIXZOy+TA==",
      "dependencies": {
        "xmlbuilder": "0.4.x",
        "xmldom": "0.1.x"
      },
      "engines": {
        "node": ">= 0.1.100"
      }
    },
    "node_modules/plist/node_modules/xmlbuilder": {
      "version": "15.1.1",
      "resolved": "https://registry.npmjs.org/xmlbuilder/-/xmlbuilder-15.1.1.tgz",
      "integrity": "sha512-yMqGBqtXyeN1e3TGYvgNgDVZ3j84W4cwkOXQswghol6APgZWaff9lnbvN7MHYJOiXsvGPXtjTYJEiC9J2wv9Eg==",
      "engines": {
        "node": ">=8.0"
      }
    },
    "node_modules/qap": {
      "version": "3.3.1",
      "resolved": "https://registry.npmjs.org/qap/-/qap-3.3.1.tgz",
      "integrity": "sha512-U0MV9LRz4u19xaK4gssnwyc7XWTnFdmDGrgG9hvV6nchKeu3XeITTclugWKT9rLiLK2GvN3utSkKY90+1tEHkw==",
      "engines": {
        "node": ">=0.4.x"
      }
    },
    "node_modules/semver": {
      "version": "5.1.1",
      "resolved": "https://registry.npmjs.org/semver/-/semver-5.1.1.tgz",
      "integrity": "sha512-bNx9Zdbi1OUN62PbKeG4IgGG8YILX/nkHJ0NQEBwg5FmX8qTJfqhYd3reqkm0DxHCC8nkazb6UjNiBSHCBWVtA==",
      "bin": {
        "semver": "bin/semver"
      }
    },
    "node_modules/xmlbuilder": {
      "version": "0.4.3",
      "resolved": "https://registry.npmjs.org/xmlbuilder/-/xmlbuilder-0.4.3.tgz",
      "integrity": "sha512-t3QW+VdXvxcy214Wf5Mvb+38RPW6EUG1RpMjjtG+esbAFh+/50PdXz1iGywefNl70DW2ucNWTXBw5buTgzDWyw==",
      "engines": {
        "node": ">=0.2.0"
      }
    },
    "node_modules/xmldom": {
      "version": "0.1.31",
      "resolved": "https://registry.npmjs.org/xmldom/-/xmldom-0.1.31.tgz",
      "integrity": "sha512-yS2uJflVQs6n+CyjHoaBmVSqIDevTAWrzMmjG1Gc7h1qQ7uVozNhEPJAwZXWyGQ/Gafo3fCwrcaokezLPupVyQ==",
      "deprecated": "Deprecated due to CVE-2021-21366 resolved in 0.5.0",
      "engines": {
        "node": ">=0.1"
      }
    }
  }
}
